
Microsoft Visual Studio Solution File, Format Version 12.00
# Visual Studio Version 17
VisualStudioVersion = 17.3.32922.545
MinimumVisualStudioVersion = 10.0.40219.1
Project("{9A19103F-16F7-4668-BE54-9A1E7A4F7556}") = "KooliProjekt", "KooliProjekt\KooliProjekt.csproj", "{B6064AB2-66AC-4896-9DFE-E8C97404F6E0}"
EndProject
Project("{FAE04EC0-301F-11D3-BF4B-00C04F79EFBC}") = "KooliProjekt.UnitTests", "KooliProjekt.UnitTests\KooliProjekt.UnitTests.csproj", "{6BB476DA-B0E3-4D80-A20F-4FF99CD7D4CC}"
EndProject
Project("{FAE04EC0-301F-11D3-BF4B-00C04F79EFBC}") = "KooliProjekt.IntegrationTests", "KooliProjekt.IntegrationTests\KooliProjekt.IntegrationTests.csproj", "{01FC0781-76F7-4524-82A7-90562466FE44}"
EndProject
Project("{FAE04EC0-301F-11D3-BF4B-00C04F79EFBC}") = "WpfApp1", "WpfApp1\WpfApp1.csproj", "{53057A22-4847-4F94-84CC-680210869674}"
EndProject
Project("{FAE04EC0-301F-11D3-BF4B-00C04F79EFBC}") = "KooliProjekt.WpfApp.UnitTests", "KooliProjekt.WpfApp.UnitTests\KooliProjekt.WpfApp.UnitTests.csproj", "{DDE61E15-05C7-4AF3-973B-59214A68F226}"
EndProject
Project("{FAE04EC0-301F-11D3-BF4B-00C04F79EFBC}") = "KooliProjekt.WinFormsApp", "..\..\Documents\KooliProjekt.WinFormsApp\KooliProjekt.WinFormsApp.csproj", "{62BEEABF-4D14-4096-8CFE-0F1E071BC53B}"
EndProject
Project("{FAE04EC0-301F-11D3-BF4B-00C04F79EFBC}") = "KooliProjekt.WinFormsApp.UnitTests", "KooliProjekt.WinFormsApp.UnitTests\KooliProjekt.WinFormsApp.UnitTests.csproj", "{E65FDB2E-95C4-4A00-A5D5-7DF0931087FB}"
EndProject
Project("{FAE04EC0-301F-11D3-BF4B-00C04F79EFBC}") = "KooliProjekt.BlazorApp", "KooliProjekt.BlazorApp\KooliProjekt.BlazorApp.csproj", "{5C322D42-D256-410C-A468-63D6F35A268E}"
EndProject
Project("{FAE04EC0-301F-11D3-BF4B-00C04F79EFBC}") = "PublicApi", "PublicApi\PublicApi.csproj", "{BA52D122-545F-45FE-9048-30BCE271B1BE}"
EndProject
Global
	GlobalSection(SolutionConfigurationPlatforms) = preSolution
		Debug|Any CPU = Debug|Any CPU
		Release|Any CPU = Release|Any CPU
	EndGlobalSection
	GlobalSection(ProjectConfigurationPlatforms) = postSolution
		{B6064AB2-66AC-4896-9DFE-E8C97404F6E0}.Debug|Any CPU.ActiveCfg = Debug|Any CPU
		{B6064AB2-66AC-4896-9DFE-E8C97404F6E0}.Debug|Any CPU.Build.0 = Debug|Any CPU
		{B6064AB2-66AC-4896-9DFE-E8C97404F6E0}.Release|Any CPU.ActiveCfg = Release|Any CPU
		{B6064AB2-66AC-4896-9DFE-E8C97404F6E0}.Release|Any CPU.Build.0 = Release|Any CPU
		{6BB476DA-B0E3-4D80-A20F-4FF99CD7D4CC}.Debug|Any CPU.ActiveCfg = Debug|Any CPU
		{6BB476DA-B0E3-4D80-A20F-4FF99CD7D4CC}.Debug|Any CPU.Build.0 = Debug|Any CPU
		{6BB476DA-B0E3-4D80-A20F-4FF99CD7D4CC}.Release|Any CPU.ActiveCfg = Release|Any CPU
		{6BB476DA-B0E3-4D80-A20F-4FF99CD7D4CC}.Release|Any CPU.Build.0 = Release|Any CPU
		{01FC0781-76F7-4524-82A7-90562466FE44}.Debug|Any CPU.ActiveCfg = Debug|Any CPU
		{01FC0781-76F7-4524-82A7-90562466FE44}.Debug|Any CPU.Build.0 = Debug|Any CPU
		{01FC0781-76F7-4524-82A7-90562466FE44}.Release|Any CPU.ActiveCfg = Release|Any CPU
		{01FC0781-76F7-4524-82A7-90562466FE44}.Release|Any CPU.Build.0 = Release|Any CPU
		{53057A22-4847-4F94-84CC-680210869674}.Debug|Any CPU.ActiveCfg = Debug|Any CPU
		{53057A22-4847-4F94-84CC-680210869674}.Debug|Any CPU.Build.0 = Debug|Any CPU
		{53057A22-4847-4F94-84CC-680210869674}.Release|Any CPU.ActiveCfg = Release|Any CPU
		{53057A22-4847-4F94-84CC-680210869674}.Release|Any CPU.Build.0 = Release|Any CPU
		{DDE61E15-05C7-4AF3-973B-59214A68F226}.Debug|Any CPU.ActiveCfg = Debug|Any CPU
		{DDE61E15-05C7-4AF3-973B-59214A68F226}.Debug|Any CPU.Build.0 = Debug|Any CPU
		{DDE61E15-05C7-4AF3-973B-59214A68F226}.Release|Any CPU.ActiveCfg = Release|Any CPU
		{DDE61E15-05C7-4AF3-973B-59214A68F226}.Release|Any CPU.Build.0 = Release|Any CPU
		{62BEEABF-4D14-4096-8CFE-0F1E071BC53B}.Debug|Any CPU.ActiveCfg = Debug|Any CPU
		{62BEEABF-4D14-4096-8CFE-0F1E071BC53B}.Debug|Any CPU.Build.0 = Debug|Any CPU
		{62BEEABF-4D14-4096-8CFE-0F1E071BC53B}.Release|Any CPU.ActiveCfg = Release|Any CPU
		{62BEEABF-4D14-4096-8CFE-0F1E071BC53B}.Release|Any CPU.Build.0 = Release|Any CPU
		{E65FDB2E-95C4-4A00-A5D5-7DF0931087FB}.Debug|Any CPU.ActiveCfg = Debug|Any CPU
		{E65FDB2E-95C4-4A00-A5D5-7DF0931087FB}.Debug|Any CPU.Build.0 = Debug|Any CPU
		{E65FDB2E-95C4-4A00-A5D5-7DF0931087FB}.Release|Any CPU.ActiveCfg = Release|Any CPU
		{E65FDB2E-95C4-4A00-A5D5-7DF0931087FB}.Release|Any CPU.Build.0 = Release|Any CPU
		{5C322D42-D256-410C-A468-63D6F35A268E}.Debug|Any CPU.ActiveCfg = Debug|Any CPU
		{5C322D42-D256-410C-A468-63D6F35A268E}.Debug|Any CPU.Build.0 = Debug|Any CPU
		{5C322D42-D256-410C-A468-63D6F35A268E}.Release|Any CPU.ActiveCfg = Release|Any CPU
		{5C322D42-D256-410C-A468-63D6F35A268E}.Release|Any CPU.Build.0 = Release|Any CPU
		{BA52D122-545F-45FE-9048-30BCE271B1BE}.Debug|Any CPU.ActiveCfg = Debug|Any CPU
		{BA52D122-545F-45FE-9048-30BCE271B1BE}.Debug|Any CPU.Build.0 = Debug|Any CPU
		{BA52D122-545F-45FE-9048-30BCE271B1BE}.Release|Any CPU.ActiveCfg = Release|Any CPU
		{BA52D122-545F-45FE-9048-30BCE271B1BE}.Release|Any CPU.Build.0 = Release|Any CPU
	EndGlobalSection
	GlobalSection(SolutionProperties) = preSolution
		HideSolutionNode = FALSE
	EndGlobalSection
	GlobalSection(ExtensibilityGlobals) = postSolution
		SolutionGuid = {792456E2-8406-497C-97E7-7999439674C1}
	EndGlobalSection
EndGlobal
